
Microsoft Visual Studio Solution File, Format Version 12.00
# Visual Studio 14
VisualStudioVersion = 14.0.25123.0
MinimumVisualStudioVersion = 10.0.40219.1
Project("{FAE04EC0-301F-11D3-BF4B-00C04F79EFBC}") = "HunterTools", "HunterTools\HunterTools.csproj", "{4FABB401-B50B-4E5F-9FEC-08EFE4151546}"
EndProject
Project("{FAE04EC0-301F-11D3-BF4B-00C04F79EFBC}") = "HunterTools.Tests", "HunterTools.Tests\HunterTools.Tests.csproj", "{30768F71-951F-4A3A-98B5-78E9D88AA059}"
EndProject
Global
	GlobalSection(SolutionConfigurationPlatforms) = preSolution
		Debug|Any CPU = Debug|Any CPU
		Release|Any CPU = Release|Any CPU
	EndGlobalSection
	GlobalSection(ProjectConfigurationPlatforms) = postSolution
		{4FABB401-B50B-4E5F-9FEC-08EFE4151546}.Debug|Any CPU.ActiveCfg = Debug|Any CPU
		{4FABB401-B50B-4E5F-9FEC-08EFE4151546}.Debug|Any CPU.Build.0 = Debug|Any CPU
		{4FABB401-B50B-4E5F-9FEC-08EFE4151546}.Release|Any CPU.ActiveCfg = Release|Any CPU
		{4FABB401-B50B-4E5F-9FEC-08EFE4151546}.Release|Any CPU.Build.0 = Release|Any CPU
		{30768F71-951F-4A3A-98B5-78E9D88AA059}.Debug|Any CPU.ActiveCfg = Debug|Any CPU
		{30768F71-951F-4A3A-98B5-78E9D88AA059}.Debug|Any CPU.Build.0 = Debug|Any CPU
		{30768F71-951F-4A3A-98B5-78E9D88AA059}.Release|Any CPU.ActiveCfg = Release|Any CPU
		{30768F71-951F-4A3A-98B5-78E9D88AA059}.Release|Any CPU.Build.0 = Release|Any CPU
	EndGlobalSection
	GlobalSection(SolutionProperties) = preSolution
		HideSolutionNode = FALSE
	EndGlobalSection
EndGlobal
